
Microsoft Visual Studio Solution File, Format Version 12.00
# Visual Studio Version 16
VisualStudioVersion = 16.0.30128.74
MinimumVisualStudioVersion = 10.0.40219.1
Project("{FAE04EC0-301F-11D3-BF4B-00C04F79EFBC}") = "App276.Android", "App276\App276.Android\App276.Android.csproj", "{C0420CEF-F472-4342-AB2A-FFCB5D1A5082}"
EndProject
Project("{FAE04EC0-301F-11D3-BF4B-00C04F79EFBC}") = "App276.iOS", "App276\App276.iOS\App276.iOS.csproj", "{72247233-0484-43C2-92C6-828CB94F5F7A}"
EndProject
Project("{FAE04EC0-301F-11D3-BF4B-00C04F79EFBC}") = "App276", "App276\App276\App276.csproj", "{550A809D-4250-4601-9D30-75083FDC64B9}"
EndProject
Global
	GlobalSection(SolutionConfigurationPlatforms) = preSolution
		Debug|Any CPU = Debug|Any CPU
		Debug|iPhone = Debug|iPhone
		Debug|iPhoneSimulator = Debug|iPhoneSimulator
		Release|Any CPU = Release|Any CPU
		Release|iPhone = Release|iPhone
		Release|iPhoneSimulator = Release|iPhoneSimulator
	EndGlobalSection
	GlobalSection(ProjectConfigurationPlatforms) = postSolution
		{C0420CEF-F472-4342-AB2A-FFCB5D1A5082}.Debug|Any CPU.ActiveCfg = Debug|Any CPU
		{C0420CEF-F472-4342-AB2A-FFCB5D1A5082}.Debug|Any CPU.Build.0 = Debug|Any CPU
		{C0420CEF-F472-4342-AB2A-FFCB5D1A5082}.Debug|Any CPU.Deploy.0 = Debug|Any CPU
		{C0420CEF-F472-4342-AB2A-FFCB5D1A5082}.Debug|iPhone.ActiveCfg = Debug|Any CPU
		{C0420CEF-F472-4342-AB2A-FFCB5D1A5082}.Debug|iPhone.Build.0 = Debug|Any CPU
		{C0420CEF-F472-4342-AB2A-FFCB5D1A5082}.Debug|iPhone.Deploy.0 = Debug|Any CPU
		{C0420CEF-F472-4342-AB2A-FFCB5D1A5082}.Debug|iPhoneSimulator.ActiveCfg = Debug|Any CPU
		{C0420CEF-F472-4342-AB2A-FFCB5D1A5082}.Debug|iPhoneSimulator.Build.0 = Debug|Any CPU
		{C0420CEF-F472-4342-AB2A-FFCB5D1A5082}.Debug|iPhoneSimulator.Deploy.0 = Debug|Any CPU
		{C0420CEF-F472-4342-AB2A-FFCB5D1A5082}.Release|Any CPU.ActiveCfg = Release|Any CPU
		{C0420CEF-F472-4342-AB2A-FFCB5D1A5082}.Release|Any CPU.Build.0 = Release|Any CPU
		{C0420CEF-F472-4342-AB2A-FFCB5D1A5082}.Release|Any CPU.Deploy.0 = Release|Any CPU
		{C0420CEF-F472-4342-AB2A-FFCB5D1A5082}.Release|iPhone.ActiveCfg = Release|Any CPU
		{C0420CEF-F472-4342-AB2A-FFCB5D1A5082}.Release|iPhone.Build.0 = Release|Any CPU
		{C0420CEF-F472-4342-AB2A-FFCB5D1A5082}.Release|iPhone.Deploy.0 = Release|Any CPU
		{C0420CEF-F472-4342-AB2A-FFCB5D1A5082}.Release|iPhoneSimulator.ActiveCfg = Release|Any CPU
		{C0420CEF-F472-4342-AB2A-FFCB5D1A5082}.Release|iPhoneSimulator.Build.0 = Release|Any CPU
		{C0420CEF-F472-4342-AB2A-FFCB5D1A5082}.Release|iPhoneSimulator.Deploy.0 = Release|Any CPU
		{72247233-0484-43C2-92C6-828CB94F5F7A}.Debug|Any CPU.ActiveCfg = Debug|iPhone
		{72247233-0484-43C2-92C6-828CB94F5F7A}.Debug|Any CPU.Build.0 = Debug|iPhone
		{72247233-0484-43C2-92C6-828CB94F5F7A}.Debug|Any CPU.Deploy.0 = Debug|iPhone
		{72247233-0484-43C2-92C6-828CB94F5F7A}.Debug|iPhone.ActiveCfg = Debug|iPhone
		{72247233-0484-43C2-92C6-828CB94F5F7A}.Debug|iPhone.Build.0 = Debug|iPhone
		{72247233-0484-43C2-92C6-828CB94F5F7A}.Debug|iPhone.Deploy.0 = Debug|iPhone
		{72247233-0484-43C2-92C6-828CB94F5F7A}.Debug|iPhoneSimulator.ActiveCfg = Debug|iPhoneSimulator
		{72247233-0484-43C2-92C6-828CB94F5F7A}.Debug|iPhoneSimulator.Build.0 = Debug|iPhoneSimulator
		{72247233-0484-43C2-92C6-828CB94F5F7A}.Debug|iPhoneSimulator.Deploy.0 = Debug|iPhoneSimulator
		{72247233-0484-43C2-92C6-828CB94F5F7A}.Release|Any CPU.ActiveCfg = Release|iPhone
		{72247233-0484-43C2-92C6-828CB94F5F7A}.Release|Any CPU.Build.0 = Release|iPhone
		{72247233-0484-43C2-92C6-828CB94F5F7A}.Release|Any CPU.Deploy.0 = Release|iPhone
		{72247233-0484-43C2-92C6-828CB94F5F7A}.Release|iPhone.ActiveCfg = Release|iPhone
		{72247233-0484-43C2-92C6-828CB94F5F7A}.Release|iPhone.Build.0 = Release|iPhone
		{72247233-0484-43C2-92C6-828CB94F5F7A}.Release|iPhone.Deploy.0 = Release|iPhone
		{72247233-0484-43C2-92C6-828CB94F5F7A}.Release|iPhoneSimulator.ActiveCfg = Release|iPhoneSimulator
		{72247233-0484-43C2-92C6-828CB94F5F7A}.Release|iPhoneSimulator.Build.0 = Release|iPhoneSimulator
		{72247233-0484-43C2-92C6-828CB94F5F7A}.Release|iPhoneSimulator.Deploy.0 = Release|iPhoneSimulator
		{550A809D-4250-4601-9D30-75083FDC64B9}.Debug|Any CPU.ActiveCfg = Debug|Any CPU
		{550A809D-4250-4601-9D30-75083FDC64B9}.Debug|Any CPU.Build.0 = Debug|Any CPU
		{550A809D-4250-4601-9D30-75083FDC64B9}.Debug|Any CPU.Deploy.0 = Debug|Any CPU
		{550A809D-4250-4601-9D30-75083FDC64B9}.Debug|iPhone.ActiveCfg = Debug|Any CPU
		{550A809D-4250-4601-9D30-75083FDC64B9}.Debug|iPhone.Build.0 = Debug|Any CPU
		{550A809D-4250-4601-9D30-75083FDC64B9}.Debug|iPhone.Deploy.0 = Debug|Any CPU
		{550A809D-4250-4601-9D30-75083FDC64B9}.Debug|iPhoneSimulator.ActiveCfg = Debug|Any CPU
		{550A809D-4250-4601-9D30-75083FDC64B9}.Debug|iPhoneSimulator.Build.0 = Debug|Any CPU
		{550A809D-4250-4601-9D30-75083FDC64B9}.Debug|iPhoneSimulator.Deploy.0 = Debug|Any CPU
		{550A809D-4250-4601-9D30-75083FDC64B9}.Release|Any CPU.ActiveCfg = Release|Any CPU
		{550A809D-4250-4601-9D30-75083FDC64B9}.Release|Any CPU.Build.0 = Release|Any CPU
		{550A809D-4250-4601-9D30-75083FDC64B9}.Release|Any CPU.Deploy.0 = Release|Any CPU
		{550A809D-4250-4601-9D30-75083FDC64B9}.Release|iPhone.ActiveCfg = Release|Any CPU
		{550A809D-4250-4601-9D30-75083FDC64B9}.Release|iPhone.Build.0 = Release|Any CPU
		{550A809D-4250-4601-9D30-75083FDC64B9}.Release|iPhone.Deploy.0 = Release|Any CPU
		{550A809D-4250-4601-9D30-75083FDC64B9}.Release|iPhoneSimulator.ActiveCfg = Release|Any CPU
		{550A809D-4250-4601-9D30-75083FDC64B9}.Release|iPhoneSimulator.Build.0 = Release|Any CPU
		{550A809D-4250-4601-9D30-75083FDC64B9}.Release|iPhoneSimulator.Deploy.0 = Release|Any CPU
	EndGlobalSection
	GlobalSection(SolutionProperties) = preSolution
		HideSolutionNode = FALSE
	EndGlobalSection
	GlobalSection(ExtensibilityGlobals) = postSolution
		SolutionGuid = {10E0EB37-A9FB-40DD-AA2D-36BD9BE4185E}
	EndGlobalSection
EndGlobal
